
Microsoft Visual Studio Solution File, Format Version 12.00
# Visual Studio Version 17
VisualStudioVersion = 17.6.33513.286
MinimumVisualStudioVersion = 10.0.40219.1
Project("{FAE04EC0-301F-11D3-BF4B-00C04F79EFBC}") = "CityPlanner", "CityPlanner\CityPlanner.csproj", "{78663AD3-91BD-4845-86BC-C16F5ECE7420}"
EndProject
Project("{FAE04EC0-301F-11D3-BF4B-00C04F79EFBC}") = "Console", "Console\Console.csproj", "{E9A89DDB-E2D7-4332-BF6B-7592DF69E646}"
EndProject
Global
	GlobalSection(SolutionConfigurationPlatforms) = preSolution
		Debug|Any CPU = Debug|Any CPU
		Release|Any CPU = Release|Any CPU
	EndGlobalSection
	GlobalSection(ProjectConfigurationPlatforms) = postSolution
		{78663AD3-91BD-4845-86BC-C16F5ECE7420}.Debug|Any CPU.ActiveCfg = Debug|Any CPU
		{78663AD3-91BD-4845-86BC-C16F5ECE7420}.Debug|Any CPU.Build.0 = Debug|Any CPU
		{78663AD3-91BD-4845-86BC-C16F5ECE7420}.Release|Any CPU.ActiveCfg = Release|Any CPU
		{78663AD3-91BD-4845-86BC-C16F5ECE7420}.Release|Any CPU.Build.0 = Release|Any CPU
		{E9A89DDB-E2D7-4332-BF6B-7592DF69E646}.Debug|Any CPU.ActiveCfg = Debug|Any CPU
		{E9A89DDB-E2D7-4332-BF6B-7592DF69E646}.Debug|Any CPU.Build.0 = Debug|Any CPU
		{E9A89DDB-E2D7-4332-BF6B-7592DF69E646}.Release|Any CPU.ActiveCfg = Release|Any CPU
		{E9A89DDB-E2D7-4332-BF6B-7592DF69E646}.Release|Any CPU.Build.0 = Release|Any CPU
	EndGlobalSection
	GlobalSection(SolutionProperties) = preSolution
		HideSolutionNode = FALSE
	EndGlobalSection
	GlobalSection(ExtensibilityGlobals) = postSolution
		SolutionGuid = {E3A68FB7-4CCC-41B0-A05B-D39B1D7249B7}
	EndGlobalSection
EndGlobal
