
Microsoft Visual Studio Solution File, Format Version 12.00
# Visual Studio Version 17
VisualStudioVersion = 17.6.33513.286
MinimumVisualStudioVersion = 10.0.40219.1
Project("{9A19103F-16F7-4668-BE54-9A1E7A4F7556}") = "CityPlanner", "CityPlanner\CityPlanner.csproj", "{78663AD3-91BD-4845-86BC-C16F5ECE7420}"
EndProject
Project("{9A19103F-16F7-4668-BE54-9A1E7A4F7556}") = "Tests", "Tests\Tests.csproj", "{03AFBE22-F8CA-491C-9EE7-E8C09D35A94A}"
EndProject
Project("{9A19103F-16F7-4668-BE54-9A1E7A4F7556}") = "Console", "Console\Console.csproj", "{BF9DC417-8D3E-487C-AA2A-546A58C60AB6}"
EndProject
Global
	GlobalSection(SolutionConfigurationPlatforms) = preSolution
		Debug|Any CPU = Debug|Any CPU
		Release|Any CPU = Release|Any CPU
	EndGlobalSection
	GlobalSection(ProjectConfigurationPlatforms) = postSolution
		{78663AD3-91BD-4845-86BC-C16F5ECE7420}.Debug|Any CPU.ActiveCfg = Debug|Any CPU
		{78663AD3-91BD-4845-86BC-C16F5ECE7420}.Debug|Any CPU.Build.0 = Debug|Any CPU
		{78663AD3-91BD-4845-86BC-C16F5ECE7420}.Release|Any CPU.ActiveCfg = Release|Any CPU
		{78663AD3-91BD-4845-86BC-C16F5ECE7420}.Release|Any CPU.Build.0 = Release|Any CPU
		{03AFBE22-F8CA-491C-9EE7-E8C09D35A94A}.Debug|Any CPU.ActiveCfg = Debug|Any CPU
		{03AFBE22-F8CA-491C-9EE7-E8C09D35A94A}.Debug|Any CPU.Build.0 = Debug|Any CPU
		{03AFBE22-F8CA-491C-9EE7-E8C09D35A94A}.Release|Any CPU.ActiveCfg = Release|Any CPU
		{03AFBE22-F8CA-491C-9EE7-E8C09D35A94A}.Release|Any CPU.Build.0 = Release|Any CPU
		{BF9DC417-8D3E-487C-AA2A-546A58C60AB6}.Debug|Any CPU.ActiveCfg = Debug|Any CPU
		{BF9DC417-8D3E-487C-AA2A-546A58C60AB6}.Debug|Any CPU.Build.0 = Debug|Any CPU
		{BF9DC417-8D3E-487C-AA2A-546A58C60AB6}.Release|Any CPU.ActiveCfg = Release|Any CPU
		{BF9DC417-8D3E-487C-AA2A-546A58C60AB6}.Release|Any CPU.Build.0 = Release|Any CPU
	EndGlobalSection
	GlobalSection(SolutionProperties) = preSolution
		HideSolutionNode = FALSE
	EndGlobalSection
	GlobalSection(ExtensibilityGlobals) = postSolution
		SolutionGuid = {E3A68FB7-4CCC-41B0-A05B-D39B1D7249B7}
	EndGlobalSection
EndGlobal
